
Microsoft Visual Studio Solution File, Format Version 12.00
# Visual Studio Version 17
VisualStudioVersion = 17.11.35327.3
MinimumVisualStudioVersion = 10.0.40219.1
Project("{F184B08F-C81C-45F6-A57F-5ABD9991F28F}") = "WinFormsApp6", "WinFormsApp6\WinFormsApp6.vbproj", "{E8301BBD-8DC9-4EA3-A260-1476F399C375}"
EndProject
Global
	GlobalSection(SolutionConfigurationPlatforms) = preSolution
		Debug|Any CPU = Debug|Any CPU
		Release|Any CPU = Release|Any CPU
	EndGlobalSection
	GlobalSection(ProjectConfigurationPlatforms) = postSolution
		{E8301BBD-8DC9-4EA3-A260-1476F399C375}.Debug|Any CPU.ActiveCfg = Debug|Any CPU
		{E8301BBD-8DC9-4EA3-A260-1476F399C375}.Debug|Any CPU.Build.0 = Debug|Any CPU
		{E8301BBD-8DC9-4EA3-A260-1476F399C375}.Release|Any CPU.ActiveCfg = Release|Any CPU
		{E8301BBD-8DC9-4EA3-A260-1476F399C375}.Release|Any CPU.Build.0 = Release|Any CPU
	EndGlobalSection
	GlobalSection(SolutionProperties) = preSolution
		HideSolutionNode = FALSE
	EndGlobalSection
	GlobalSection(ExtensibilityGlobals) = postSolution
		SolutionGuid = {528933FE-180D-4186-B81F-45E50141BD2A}
	EndGlobalSection
EndGlobal
